
Microsoft Visual Studio Solution File, Format Version 12.00
# Visual Studio Version 17
VisualStudioVersion = 17.10.35122.118
MinimumVisualStudioVersion = 10.0.40219.1
Project("{9A19103F-16F7-4668-BE54-9A1E7A4F7556}") = "ConsoleApp", "ConsoleApp\ConsoleApp.csproj", "{D919150B-1885-483F-86AE-C444C4CB051C}"
EndProject
Project("{9A19103F-16F7-4668-BE54-9A1E7A4F7556}") = "WinFormsApp", "WinFormsApp\WinFormsApp.csproj", "{243A642D-F2D8-4656-B1C7-1ED5898E5E2A}"
EndProject
Project("{FAE04EC0-301F-11D3-BF4B-00C04F79EFBC}") = "DataLayer", "DataLayer\DataLayer.csproj", "{4552C6F8-1B0B-412A-AB27-F06B99F41807}"
EndProject
Global
	GlobalSection(SolutionConfigurationPlatforms) = preSolution
		Debug|Any CPU = Debug|Any CPU
		Release|Any CPU = Release|Any CPU
	EndGlobalSection
	GlobalSection(ProjectConfigurationPlatforms) = postSolution
		{D919150B-1885-483F-86AE-C444C4CB051C}.Debug|Any CPU.ActiveCfg = Debug|Any CPU
		{D919150B-1885-483F-86AE-C444C4CB051C}.Debug|Any CPU.Build.0 = Debug|Any CPU
		{D919150B-1885-483F-86AE-C444C4CB051C}.Release|Any CPU.ActiveCfg = Release|Any CPU
		{D919150B-1885-483F-86AE-C444C4CB051C}.Release|Any CPU.Build.0 = Release|Any CPU
		{243A642D-F2D8-4656-B1C7-1ED5898E5E2A}.Debug|Any CPU.ActiveCfg = Debug|Any CPU
		{243A642D-F2D8-4656-B1C7-1ED5898E5E2A}.Debug|Any CPU.Build.0 = Debug|Any CPU
		{243A642D-F2D8-4656-B1C7-1ED5898E5E2A}.Release|Any CPU.ActiveCfg = Release|Any CPU
		{243A642D-F2D8-4656-B1C7-1ED5898E5E2A}.Release|Any CPU.Build.0 = Release|Any CPU
		{4552C6F8-1B0B-412A-AB27-F06B99F41807}.Debug|Any CPU.ActiveCfg = Debug|Any CPU
		{4552C6F8-1B0B-412A-AB27-F06B99F41807}.Debug|Any CPU.Build.0 = Debug|Any CPU
		{4552C6F8-1B0B-412A-AB27-F06B99F41807}.Release|Any CPU.ActiveCfg = Release|Any CPU
		{4552C6F8-1B0B-412A-AB27-F06B99F41807}.Release|Any CPU.Build.0 = Release|Any CPU
	EndGlobalSection
	GlobalSection(SolutionProperties) = preSolution
		HideSolutionNode = FALSE
	EndGlobalSection
	GlobalSection(ExtensibilityGlobals) = postSolution
		SolutionGuid = {4B584EAC-D7DC-4708-BCF8-B91DC082FDC0}
	EndGlobalSection
EndGlobal
